
Microsoft Visual Studio Solution File, Format Version 12.00
# Visual Studio 15
VisualStudioVersion = 15.0.28307.102
MinimumVisualStudioVersion = 10.0.40219.1
Project("{FAE04EC0-301F-11D3-BF4B-00C04F79EFBC}") = "Task110Nodes", "Task110Nodes\Task110Nodes.csproj", "{63F11992-B5C9-4653-8627-E848318C3B84}"
EndProject
Global
	GlobalSection(SolutionConfigurationPlatforms) = preSolution
		Debug|Any CPU = Debug|Any CPU
		Release|Any CPU = Release|Any CPU
	EndGlobalSection
	GlobalSection(ProjectConfigurationPlatforms) = postSolution
		{63F11992-B5C9-4653-8627-E848318C3B84}.Debug|Any CPU.ActiveCfg = Debug|Any CPU
		{63F11992-B5C9-4653-8627-E848318C3B84}.Debug|Any CPU.Build.0 = Debug|Any CPU
		{63F11992-B5C9-4653-8627-E848318C3B84}.Release|Any CPU.ActiveCfg = Release|Any CPU
		{63F11992-B5C9-4653-8627-E848318C3B84}.Release|Any CPU.Build.0 = Release|Any CPU
	EndGlobalSection
	GlobalSection(SolutionProperties) = preSolution
		HideSolutionNode = FALSE
	EndGlobalSection
	GlobalSection(ExtensibilityGlobals) = postSolution
		SolutionGuid = {E4CEA9A9-1274-4B52-9711-8851FB67E852}
	EndGlobalSection
EndGlobal
