
Microsoft Visual Studio Solution File, Format Version 12.00
# Visual Studio 15
VisualStudioVersion = 15.0.28307.102
MinimumVisualStudioVersion = 10.0.40219.1
Project("{FAE04EC0-301F-11D3-BF4B-00C04F79EFBC}") = "WebServiceTask", "WebServiceTask\WebServiceTask.csproj", "{692AE056-0228-4074-B31D-13F55DB29A05}"
EndProject
Project("{FAE04EC0-301F-11D3-BF4B-00C04F79EFBC}") = "ClientConsole", "ClientConsole\ClientConsole.csproj", "{260AADB5-6642-4BB0-852A-28030BA7C577}"
EndProject
Global
	GlobalSection(SolutionConfigurationPlatforms) = preSolution
		Debug|Any CPU = Debug|Any CPU
		Release|Any CPU = Release|Any CPU
	EndGlobalSection
	GlobalSection(ProjectConfigurationPlatforms) = postSolution
		{692AE056-0228-4074-B31D-13F55DB29A05}.Debug|Any CPU.ActiveCfg = Debug|Any CPU
		{692AE056-0228-4074-B31D-13F55DB29A05}.Debug|Any CPU.Build.0 = Debug|Any CPU
		{692AE056-0228-4074-B31D-13F55DB29A05}.Release|Any CPU.ActiveCfg = Release|Any CPU
		{692AE056-0228-4074-B31D-13F55DB29A05}.Release|Any CPU.Build.0 = Release|Any CPU
		{260AADB5-6642-4BB0-852A-28030BA7C577}.Debug|Any CPU.ActiveCfg = Debug|Any CPU
		{260AADB5-6642-4BB0-852A-28030BA7C577}.Debug|Any CPU.Build.0 = Debug|Any CPU
		{260AADB5-6642-4BB0-852A-28030BA7C577}.Release|Any CPU.ActiveCfg = Release|Any CPU
		{260AADB5-6642-4BB0-852A-28030BA7C577}.Release|Any CPU.Build.0 = Release|Any CPU
	EndGlobalSection
	GlobalSection(SolutionProperties) = preSolution
		HideSolutionNode = FALSE
	EndGlobalSection
	GlobalSection(ExtensibilityGlobals) = postSolution
		SolutionGuid = {9142E1BB-BF5C-4284-9708-B86BE20CBEF8}
	EndGlobalSection
EndGlobal
